// !$*UTF8*$!
{
	archiveVersion = 1;
	classes = {
	};
	objectVersion = 55;
	objects = {

/* Begin PBXBuildFile section */
		C74BD69828C3E7AD0036531A /* FaceNameApp.swift in Sources */ = {isa = PBXBuildFile; fileRef = C74BD69728C3E7AD0036531A /* FaceNameApp.swift */; };
		C74BD69A28C3E7AD0036531A /* ContentView.swift in Sources */ = {isa = PBXBuildFile; fileRef = C74BD69928C3E7AD0036531A /* ContentView.swift */; };
		C74BD69C28C3E7AE0036531A /* Assets.xcassets in Resources */ = {isa = PBXBuildFile; fileRef = C74BD69B28C3E7AE0036531A /* Assets.xcassets */; };
		C74BD69F28C3E7AE0036531A /* Preview Assets.xcassets in Resources */ = {isa = PBXBuildFile; fileRef = C74BD69E28C3E7AE0036531A /* Preview Assets.xcassets */; };
		C74BD6A828C3E8010036531A /* README.md in Resources */ = {isa = PBXBuildFile; fileRef = C74BD6A528C3E8000036531A /* README.md */; };
		C74BD6A928C3E8010036531A /* .gitignore in Resources */ = {isa = PBXBuildFile; fileRef = C74BD6A728C3E8000036531A /* .gitignore */; };
		C74BD6AB28C3E8CF0036531A /* ImagePicker.swift in Sources */ = {isa = PBXBuildFile; fileRef = C74BD6AA28C3E8CF0036531A /* ImagePicker.swift */; };
		C74BD6AD28C3F56D0036531A /* EditImageDetailsView.swift in Sources */ = {isa = PBXBuildFile; fileRef = C74BD6AC28C3F56D0036531A /* EditImageDetailsView.swift */; };
		C74BD6AF28C3F6300036531A /* UserImage.swift in Sources */ = {isa = PBXBuildFile; fileRef = C74BD6AE28C3F6300036531A /* UserImage.swift */; };
		C792151728C7A138004CB246 /* FileManager-DocumentsDirectory.swift in Sources */ = {isa = PBXBuildFile; fileRef = C792151628C7A138004CB246 /* FileManager-DocumentsDirectory.swift */; };
/* End PBXBuildFile section */

/* Begin PBXFileReference section */
		C74BD69428C3E7AD0036531A /* FaceName.app */ = {isa = PBXFileReference; explicitFileType = wrapper.application; includeInIndex = 0; path = FaceName.app; sourceTree = BUILT_PRODUCTS_DIR; };
		C74BD69728C3E7AD0036531A /* FaceNameApp.swift */ = {isa = PBXFileReference; lastKnownFileType = sourcecode.swift; path = FaceNameApp.swift; sourceTree = "<group>"; };
		C74BD69928C3E7AD0036531A /* ContentView.swift */ = {isa = PBXFileReference; lastKnownFileType = sourcecode.swift; path = ContentView.swift; sourceTree = "<group>"; };
		C74BD69B28C3E7AE0036531A /* Assets.xcassets */ = {isa = PBXFileReference; lastKnownFileType = folder.assetcatalog; path = Assets.xcassets; sourceTree = "<group>"; };
		C74BD69E28C3E7AE0036531A /* Preview Assets.xcassets */ = {isa = PBXFileReference; lastKnownFileType = folder.assetcatalog; path = "Preview Assets.xcassets"; sourceTree = "<group>"; };
		C74BD6A528C3E8000036531A /* README.md */ = {isa = PBXFileReference; fileEncoding = 4; lastKnownFileType = net.daringfireball.markdown; path = README.md; sourceTree = "<group>"; };
		C74BD6A728C3E8000036531A /* .gitignore */ = {isa = PBXFileReference; fileEncoding = 4; lastKnownFileType = text; path = .gitignore; sourceTree = "<group>"; };
		C74BD6AA28C3E8CF0036531A /* ImagePicker.swift */ = {isa = PBXFileReference; lastKnownFileType = sourcecode.swift; path = ImagePicker.swift; sourceTree = "<group>"; };
		C74BD6AC28C3F56D0036531A /* EditImageDetailsView.swift */ = {isa = PBXFileReference; lastKnownFileType = sourcecode.swift; path = EditImageDetailsView.swift; sourceTree = "<group>"; };
		C74BD6AE28C3F6300036531A /* UserImage.swift */ = {isa = PBXFileReference; lastKnownFileType = sourcecode.swift; path = UserImage.swift; sourceTree = "<group>"; };
		C792151628C7A138004CB246 /* FileManager-DocumentsDirectory.swift */ = {isa = PBXFileReference; lastKnownFileType = sourcecode.swift; path = "FileManager-DocumentsDirectory.swift"; sourceTree = "<group>"; };
/* End PBXFileReference section */

/* Begin PBXFrameworksBuildPhase section */
		C74BD69128C3E7AD0036531A /* Frameworks */ = {
			isa = PBXFrameworksBuildPhase;
			buildActionMask = 2147483647;
			files = (
			);
			runOnlyForDeploymentPostprocessing = 0;
		};
/* End PBXFrameworksBuildPhase section */

/* Begin PBXGroup section */
		C74BD68B28C3E7AD0036531A = {
			isa = PBXGroup;
			children = (
				C74BD6A728C3E8000036531A /* .gitignore */,
				C74BD6A528C3E8000036531A /* README.md */,
				C74BD6A628C3E8000036531A /* screenshots */,
				C74BD69628C3E7AD0036531A /* FaceName */,
				C74BD69528C3E7AD0036531A /* Products */,
			);
			sourceTree = "<group>";
		};
		C74BD69528C3E7AD0036531A /* Products */ = {
			isa = PBXGroup;
			children = (
				C74BD69428C3E7AD0036531A /* FaceName.app */,
			);
			name = Products;
			sourceTree = "<group>";
		};
		C74BD69628C3E7AD0036531A /* FaceName */ = {
			isa = PBXGroup;
			children = (
				C74BD69728C3E7AD0036531A /* FaceNameApp.swift */,
				C74BD69928C3E7AD0036531A /* ContentView.swift */,
				C792151628C7A138004CB246 /* FileManager-DocumentsDirectory.swift */,
				C74BD6AC28C3F56D0036531A /* EditImageDetailsView.swift */,
				C74BD6AE28C3F6300036531A /* UserImage.swift */,
				C74BD6AA28C3E8CF0036531A /* ImagePicker.swift */,
				C74BD69B28C3E7AE0036531A /* Assets.xcassets */,
				C74BD69D28C3E7AE0036531A /* Preview Content */,
			);
			path = FaceName;
			sourceTree = "<group>";
		};
		C74BD69D28C3E7AE0036531A /* Preview Content */ = {
			isa = PBXGroup;
			children = (
				C74BD69E28C3E7AE0036531A /* Preview Assets.xcassets */,
			);
			path = "Preview Content";
			sourceTree = "<group>";
		};
		C74BD6A628C3E8000036531A /* screenshots */ = {
			isa = PBXGroup;
			children = (
			);
			path = screenshots;
			sourceTree = "<group>";
		};
/* End PBXGroup section */

/* Begin PBXNativeTarget section */
		C74BD69328C3E7AD0036531A /* FaceName */ = {
			isa = PBXNativeTarget;
			buildConfigurationList = C74BD6A228C3E7AE0036531A /* Build configuration list for PBXNativeTarget "FaceName" */;
			buildPhases = (
				C74BD69028C3E7AD0036531A /* Sources */,
				C74BD69128C3E7AD0036531A /* Frameworks */,
				C74BD69228C3E7AD0036531A /* Resources */,
			);
			buildRules = (
			);
			dependencies = (
			);
			name = FaceName;
			productName = FaceName;
			productReference = C74BD69428C3E7AD0036531A /* FaceName.app */;
			productType = "com.apple.product-type.application";
		};
/* End PBXNativeTarget section */

/* Begin PBXProject section */
		C74BD68C28C3E7AD0036531A /* Project object */ = {
			isa = PBXProject;
			attributes = {
				BuildIndependentTargetsInParallel = 1;
				LastSwiftUpdateCheck = 1340;
				LastUpgradeCheck = 1340;
				TargetAttributes = {
					C74BD69328C3E7AD0036531A = {
						CreatedOnToolsVersion = 13.4.1;
					};
				};
			};
			buildConfigurationList = C74BD68F28C3E7AD0036531A /* Build configuration list for PBXProject "FaceName" */;
			compatibilityVersion = "Xcode 13.0";
			developmentRegion = en;
			hasScannedForEncodings = 0;
			knownRegions = (
				en,
				Base,
			);
			mainGroup = C74BD68B28C3E7AD0036531A;
			productRefGroup = C74BD69528C3E7AD0036531A /* Products */;
			projectDirPath = "";
			projectRoot = "";
			targets = (
				C74BD69328C3E7AD0036531A /* FaceName */,
			);
		};
/* End PBXProject section */

/* Begin PBXResourcesBuildPhase section */
		C74BD69228C3E7AD0036531A /* Resources */ = {
			isa = PBXResourcesBuildPhase;
			buildActionMask = 2147483647;
			files = (
				C74BD6A928C3E8010036531A /* .gitignore in Resources */,
				C74BD6A828C3E8010036531A /* README.md in Resources */,
				C74BD69F28C3E7AE0036531A /* Preview Assets.xcassets in Resources */,
				C74BD69C28C3E7AE0036531A /* Assets.xcassets in Resources */,
			);
			runOnlyForDeploymentPostprocessing = 0;
		};
/* End PBXResourcesBuildPhase section */

/* Begin PBXSourcesBuildPhase section */
		C74BD69028C3E7AD0036531A /* Sources */ = {
			isa = PBXSourcesBuildPhase;
			buildActionMask = 2147483647;
			files = (
				C792151728C7A138004CB246 /* FileManager-DocumentsDirectory.swift in Sources */,
				C74BD6AD28C3F56D0036531A /* EditImageDetailsView.swift in Sources */,
				C74BD6AF28C3F6300036531A /* UserImage.swift in Sources */,
				C74BD6AB28C3E8CF0036531A /* ImagePicker.swift in Sources */,
				C74BD69A28C3E7AD0036531A /* ContentView.swift in Sources */,
				C74BD69828C3E7AD0036531A /* FaceNameApp.swift in Sources */,
			);
			runOnlyForDeploymentPostprocessing = 0;
		};
/* End PBXSourcesBuildPhase section */

/* Begin XCBuildConfiguration section */
		C74BD6A028C3E7AE0036531A /* Debug */ = {
			isa = XCBuildConfiguration;
			buildSettings = {
				ALWAYS_SEARCH_USER_PATHS = NO;
				CLANG_ANALYZER_NONNULL = YES;
				CLANG_ANALYZER_NUMBER_OBJECT_CONVERSION = YES_AGGRESSIVE;
				CLANG_CXX_LANGUAGE_STANDARD = "gnu++17";
				CLANG_ENABLE_MODULES = YES;
				CLANG_ENABLE_OBJC_ARC = YES;
				CLANG_ENABLE_OBJC_WEAK = YES;
				CLANG_WARN_BLOCK_CAPTURE_AUTORELEASING = YES;
				CLANG_WARN_BOOL_CONVERSION = YES;
				CLANG_WARN_COMMA = YES;
				CLANG_WARN_CONSTANT_CONVERSION = YES;
				CLANG_WARN_DEPRECATED_OBJC_IMPLEMENTATIONS = YES;
				CLANG_WARN_DIRECT_OBJC_ISA_USAGE = YES_ERROR;
				CLANG_WARN_DOCUMENTATION_COMMENTS = YES;
				CLANG_WARN_EMPTY_BODY = YES;
				CLANG_WARN_ENUM_CONVERSION = YES;
				CLANG_WARN_INFINITE_RECURSION = YES;
				CLANG_WARN_INT_CONVERSION = YES;
				CLANG_WARN_NON_LITERAL_NULL_CONVERSION = YES;
				CLANG_WARN_OBJC_IMPLICIT_RETAIN_SELF = YES;
				CLANG_WARN_OBJC_LITERAL_CONVERSION = YES;
				CLANG_WARN_OBJC_ROOT_CLASS = YES_ERROR;
				CLANG_WARN_QUOTED_INCLUDE_IN_FRAMEWORK_HEADER = YES;
				CLANG_WARN_RANGE_LOOP_ANALYSIS = YES;
				CLANG_WARN_STRICT_PROTOTYPES = YES;
				CLANG_WARN_SUSPICIOUS_MOVE = YES;
				CLANG_WARN_UNGUARDED_AVAILABILITY = YES_AGGRESSIVE;
				CLANG_WARN_UNREACHABLE_CODE = YES;
				CLANG_WARN__DUPLICATE_METHOD_MATCH = YES;
				COPY_PHASE_STRIP = NO;
				DEBUG_INFORMATION_FORMAT = dwarf;
				ENABLE_STRICT_OBJC_MSGSEND = YES;
				ENABLE_TESTABILITY = YES;
				GCC_C_LANGUAGE_STANDARD = gnu11;
				GCC_DYNAMIC_NO_PIC = NO;
				GCC_NO_COMMON_BLOCKS = YES;
				GCC_OPTIMIZATION_LEVEL = 0;
				GCC_PREPROCESSOR_DEFINITIONS = (
					"DEBUG=1",
					"$(inherited)",
				);
				GCC_WARN_64_TO_32_BIT_CONVERSION = YES;
				GCC_WARN_ABOUT_RETURN_TYPE = YES_ERROR;
				GCC_WARN_UNDECLARED_SELECTOR = YES;
				GCC_WARN_UNINITIALIZED_AUTOS = YES_AGGRESSIVE;
				GCC_WARN_UNUSED_FUNCTION = YES;
				GCC_WARN_UNUSED_VARIABLE = YES;
				IPHONEOS_DEPLOYMENT_TARGET = 15.5;
				MTL_ENABLE_DEBUG_INFO = INCLUDE_SOURCE;
				MTL_FAST_MATH = YES;
				ONLY_ACTIVE_ARCH = YES;
				SDKROOT = iphoneos;
				SWIFT_ACTIVE_COMPILATION_CONDITIONS = DEBUG;
				SWIFT_OPTIMIZATION_LEVEL = "-Onone";
			};
			name = Debug;
		};
		C74BD6A128C3E7AE0036531A /* Release */ = {
			isa = XCBuildConfiguration;
			buildSettings = {
				ALWAYS_SEARCH_USER_PATHS = NO;
				CLANG_ANALYZER_NONNULL = YES;
				CLANG_ANALYZER_NUMBER_OBJECT_CONVERSION = YES_AGGRESSIVE;
				CLANG_CXX_LANGUAGE_STANDARD = "gnu++17";
				CLANG_ENABLE_MODULES = YES;
				CLANG_ENABLE_OBJC_ARC = YES;
				CLANG_ENABLE_OBJC_WEAK = YES;
				CLANG_WARN_BLOCK_CAPTURE_AUTORELEASING = YES;
				CLANG_WARN_BOOL_CONVERSION = YES;
				CLANG_WARN_COMMA = YES;
				CLANG_WARN_CONSTANT_CONVERSION = YES;
				CLANG_WARN_DEPRECATED_OBJC_IMPLEMENTATIONS = YES;
				CLANG_WARN_DIRECT_OBJC_ISA_USAGE = YES_ERROR;
				CLANG_WARN_DOCUMENTATION_COMMENTS = YES;
				CLANG_WARN_EMPTY_BODY = YES;
				CLANG_WARN_ENUM_CONVERSION = YES;
				CLANG_WARN_INFINITE_RECURSION = YES;
				CLANG_WARN_INT_CONVERSION = YES;
				CLANG_WARN_NON_LITERAL_NULL_CONVERSION = YES;
				CLANG_WARN_OBJC_IMPLICIT_RETAIN_SELF = YES;
				CLANG_WARN_OBJC_LITERAL_CONVERSION = YES;
				CLANG_WARN_OBJC_ROOT_CLASS = YES_ERROR;
				CLANG_WARN_QUOTED_INCLUDE_IN_FRAMEWORK_HEADER = YES;
				CLANG_WARN_RANGE_LOOP_ANALYSIS = YES;
				CLANG_WARN_STRICT_PROTOTYPES = YES;
				CLANG_WARN_SUSPICIOUS_MOVE = YES;
				CLANG_WARN_UNGUARDED_AVAILABILITY = YES_AGGRESSIVE;
				CLANG_WARN_UNREACHABLE_CODE = YES;
				CLANG_WARN__DUPLICATE_METHOD_MATCH = YES;
				COPY_PHASE_STRIP = NO;
				DEBUG_INFORMATION_FORMAT = "dwarf-with-dsym";
				ENABLE_NS_ASSERTIONS = NO;
				ENABLE_STRICT_OBJC_MSGSEND = YES;
				GCC_C_LANGUAGE_STANDARD = gnu11;
				GCC_NO_COMMON_BLOCKS = YES;
				GCC_WARN_64_TO_32_BIT_CONVERSION = YES;
				GCC_WARN_ABOUT_RETURN_TYPE = YES_ERROR;
				GCC_WARN_UNDECLARED_SELECTOR = YES;
				GCC_WARN_UNINITIALIZED_AUTOS = YES_AGGRESSIVE;
				GCC_WARN_UNUSED_FUNCTION = YES;
				GCC_WARN_UNUSED_VARIABLE = YES;
				IPHONEOS_DEPLOYMENT_TARGET = 15.5;
				MTL_ENABLE_DEBUG_INFO = NO;
				MTL_FAST_MATH = YES;
				SDKROOT = iphoneos;
				SWIFT_COMPILATION_MODE = wholemodule;
				SWIFT_OPTIMIZATION_LEVEL = "-O";
				VALIDATE_PRODUCT = YES;
			};
			name = Release;
		};
		C74BD6A328C3E7AE0036531A /* Debug */ = {
			isa = XCBuildConfiguration;
			buildSettings = {
				ASSETCATALOG_COMPILER_APPICON_NAME = AppIcon;
				ASSETCATALOG_COMPILER_GLOBAL_ACCENT_COLOR_NAME = AccentColor;
				CODE_SIGN_STYLE = Automatic;
				CURRENT_PROJECT_VERSION = 1;
				DEVELOPMENT_ASSET_PATHS = "\"FaceName/Preview Content\"";
				DEVELOPMENT_TEAM = 6XT7CBYZN3;
				ENABLE_PREVIEWS = YES;
				GENERATE_INFOPLIST_FILE = YES;
				INFOPLIST_KEY_UIApplicationSceneManifest_Generation = YES;
				INFOPLIST_KEY_UIApplicationSupportsIndirectInputEvents = YES;
				INFOPLIST_KEY_UILaunchScreen_Generation = YES;
				INFOPLIST_KEY_UISupportedInterfaceOrientations_iPad = "UIInterfaceOrientationPortrait UIInterfaceOrientationPortraitUpsideDown UIInterfaceOrientationLandscapeLeft UIInterfaceOrientationLandscapeRight";
				INFOPLIST_KEY_UISupportedInterfaceOrientations_iPhone = "UIInterfaceOrientationPortrait UIInterfaceOrientationLandscapeLeft UIInterfaceOrientationLandscapeRight";
				LD_RUNPATH_SEARCH_PATHS = (
					"$(inherited)",
					"@executable_path/Frameworks",
				);
				MARKETING_VERSION = 1.0;
				PRODUCT_BUNDLE_IDENTIFIER = com.landoncayia.FaceName;
				PRODUCT_NAME = "$(TARGET_NAME)";
				SWIFT_EMIT_LOC_STRINGS = YES;
				SWIFT_VERSION = 5.0;
				TARGETED_DEVICE_FAMILY = "1,2";
			};
			name = Debug;
		};
		C74BD6A428C3E7AE0036531A /* Release */ = {
			isa = XCBuildConfiguration;
			buildSettings = {
				ASSETCATALOG_COMPILER_APPICON_NAME = AppIcon;
				ASSETCATALOG_COMPILER_GLOBAL_ACCENT_COLOR_NAME = AccentColor;
				CODE_SIGN_STYLE = Automatic;
				CURRENT_PROJECT_VERSION = 1;
				DEVELOPMENT_ASSET_PATHS = "\"FaceName/Preview Content\"";
				DEVELOPMENT_TEAM = 6XT7CBYZN3;
				ENABLE_PREVIEWS = YES;
				GENERATE_INFOPLIST_FILE = YES;
				INFOPLIST_KEY_UIApplicationSceneManifest_Generation = YES;
				INFOPLIST_KEY_UIApplicationSupportsIndirectInputEvents = YES;
				INFOPLIST_KEY_UILaunchScreen_Generation = YES;
				INFOPLIST_KEY_UISupportedInterfaceOrientations_iPad = "UIInterfaceOrientationPortrait UIInterfaceOrientationPortraitUpsideDown UIInterfaceOrientationLandscapeLeft UIInterfaceOrientationLandscapeRight";
				INFOPLIST_KEY_UISupportedInterfaceOrientations_iPhone = "UIInterfaceOrientationPortrait UIInterfaceOrientationLandscapeLeft UIInterfaceOrientationLandscapeRight";
				LD_RUNPATH_SEARCH_PATHS = (
					"$(inherited)",
					"@executable_path/Frameworks",
				);
				MARKETING_VERSION = 1.0;
				PRODUCT_BUNDLE_IDENTIFIER = com.landoncayia.FaceName;
				PRODUCT_NAME = "$(TARGET_NAME)";
				SWIFT_EMIT_LOC_STRINGS = YES;
				SWIFT_VERSION = 5.0;
				TARGETED_DEVICE_FAMILY = "1,2";
			};
			name = Release;
		};
/* End XCBuildConfiguration section */

/* Begin XCConfigurationList section */
		C74BD68F28C3E7AD0036531A /* Build configuration list for PBXProject "FaceName" */ = {
			isa = XCConfigurationList;
			buildConfigurations = (
				C74BD6A028C3E7AE0036531A /* Debug */,
				C74BD6A128C3E7AE0036531A /* Release */,
			);
			defaultConfigurationIsVisible = 0;
			defaultConfigurationName = Release;
		};
		C74BD6A228C3E7AE0036531A /* Build configuration list for PBXNativeTarget "FaceName" */ = {
			isa = XCConfigurationList;
			buildConfigurations = (
				C74BD6A328C3E7AE0036531A /* Debug */,
				C74BD6A428C3E7AE0036531A /* Release */,
			);
			defaultConfigurationIsVisible = 0;
			defaultConfigurationName = Release;
		};
/* End XCConfigurationList section */
	};
	rootObject = C74BD68C28C3E7AD0036531A /* Project object */;
}
